
Microsoft Visual Studio Solution File, Format Version 12.00
# Visual Studio Version 16
VisualStudioVersion = 16.0.28705.295
MinimumVisualStudioVersion = 10.0.40219.1
Project("{FAE04EC0-301F-11D3-BF4B-00C04F79EFBC}") = "WebSocketServer", "WebSocketServer\WebSocketServer.csproj", "{13DF0FD0-A85A-4466-A587-8E4D8BC5236F}"
EndProject
Project("{FAE04EC0-301F-11D3-BF4B-00C04F79EFBC}") = "WebMapMod", "WebMapMod\WebMapMod.csproj", "{82D81769-FF87-4727-9570-03C233EA59D9}"
EndProject
Project("{2150E333-8FDC-42A3-9474-1A3956D46DE8}") = "WebClient", "WebClient", "{352E9925-4FF0-45F6-9FFE-84F53A2E2FE7}"
	ProjectSection(SolutionItems) = preProject
		WebClient\Constants.ts = WebClient\Constants.ts
		WebClient\GLHelper.ts = WebClient\GLHelper.ts
		..\WebRoot\Index.html = ..\WebRoot\Index.html
		WebClient\MainFrame.ts = WebClient\MainFrame.ts
		WebClient\package-lock.json = WebClient\package-lock.json
		WebClient\package.json = WebClient\package.json
		WebClient\Segment.ts = WebClient\Segment.ts
		WebClient\tsconfig.json = WebClient\tsconfig.json
		WebClient\VertexDataGen.js = WebClient\VertexDataGen.js
	EndProjectSection
EndProject
Project("{2150E333-8FDC-42A3-9474-1A3956D46DE8}") = "Helpers", "Helpers", "{B58D9765-29D3-4453-A0FC-EC2BD242BAD2}"
	ProjectSection(SolutionItems) = preProject
		WebClient\Helpers\ChannelSocket.ts = WebClient\Helpers\ChannelSocket.ts
		WebClient\Helpers\EventEmitter.ts = WebClient\Helpers\EventEmitter.ts
		WebClient\Helpers\FrameDispatcher.ts = WebClient\Helpers\FrameDispatcher.ts
		WebClient\Helpers\Helper.ts = WebClient\Helpers\Helper.ts
		WebClient\Helpers\HttpHelper.ts = WebClient\Helpers\HttpHelper.ts
		WebClient\Helpers\Mathx.ts = WebClient\Helpers\Mathx.ts
		WebClient\Helpers\Size.ts = WebClient\Helpers\Size.ts
		WebClient\Helpers\TimingEvent.ts = WebClient\Helpers\TimingEvent.ts
	EndProjectSection
EndProject
Project("{2150E333-8FDC-42A3-9474-1A3956D46DE8}") = "Graphics", "Graphics", "{2BCF2388-BB58-4EA3-BFB3-F182C4902B77}"
	ProjectSection(SolutionItems) = preProject
		WebClient\Graphics\RendererBase.ts = WebClient\Graphics\RendererBase.ts
		WebClient\Graphics\SegmentRenderer.ts = WebClient\Graphics\SegmentRenderer.ts
		WebClient\Graphics\Shader.ts = WebClient\Graphics\Shader.ts
		WebClient\Graphics\Texture2D.ts = WebClient\Graphics\Texture2D.ts
	EndProjectSection
EndProject
Global
	GlobalSection(SolutionConfigurationPlatforms) = preSolution
		Debug|Any CPU = Debug|Any CPU
		Release|Any CPU = Release|Any CPU
	EndGlobalSection
	GlobalSection(ProjectConfigurationPlatforms) = postSolution
		{13DF0FD0-A85A-4466-A587-8E4D8BC5236F}.Debug|Any CPU.ActiveCfg = Debug|Any CPU
		{13DF0FD0-A85A-4466-A587-8E4D8BC5236F}.Debug|Any CPU.Build.0 = Debug|Any CPU
		{13DF0FD0-A85A-4466-A587-8E4D8BC5236F}.Release|Any CPU.ActiveCfg = Release|Any CPU
		{13DF0FD0-A85A-4466-A587-8E4D8BC5236F}.Release|Any CPU.Build.0 = Release|Any CPU
		{82D81769-FF87-4727-9570-03C233EA59D9}.Debug|Any CPU.ActiveCfg = Debug|Any CPU
		{82D81769-FF87-4727-9570-03C233EA59D9}.Debug|Any CPU.Build.0 = Debug|Any CPU
		{82D81769-FF87-4727-9570-03C233EA59D9}.Release|Any CPU.ActiveCfg = Release|Any CPU
		{82D81769-FF87-4727-9570-03C233EA59D9}.Release|Any CPU.Build.0 = Release|Any CPU
	EndGlobalSection
	GlobalSection(SolutionProperties) = preSolution
		HideSolutionNode = FALSE
	EndGlobalSection
	GlobalSection(NestedProjects) = preSolution
		{B58D9765-29D3-4453-A0FC-EC2BD242BAD2} = {352E9925-4FF0-45F6-9FFE-84F53A2E2FE7}
		{2BCF2388-BB58-4EA3-BFB3-F182C4902B77} = {352E9925-4FF0-45F6-9FFE-84F53A2E2FE7}
	EndGlobalSection
	GlobalSection(ExtensibilityGlobals) = postSolution
		SolutionGuid = {CA70DA06-C641-4B7C-A353-F66EA7579F1C}
	EndGlobalSection
EndGlobal
