
Microsoft Visual Studio Solution File, Format Version 12.00
# Visual Studio Version 16
VisualStudioVersion = 16.0.28705.295
MinimumVisualStudioVersion = 10.0.40219.1
Project("{FAE04EC0-301F-11D3-BF4B-00C04F79EFBC}") = "WebSocketServer", "WebSocketServer\WebSocketServer.csproj", "{13DF0FD0-A85A-4466-A587-8E4D8BC5236F}"
EndProject
Project("{2150E333-8FDC-42A3-9474-1A3956D46DE8}") = "WebClient", "WebClient", "{9573C94E-77BF-4709-BB89-753EADCCE279}"
	ProjectSection(SolutionItems) = preProject
		WebClient\ChannelSocket.js = WebClient\ChannelSocket.js
		WebClient\Constants.js = WebClient\Constants.js
		WebClient\EventEmitter.js = WebClient\EventEmitter.js
		WebClient\favicon.png = WebClient\favicon.png
		WebClient\gl-matrix-min.js = WebClient\gl-matrix-min.js
		WebClient\GLHelper.js = WebClient\GLHelper.js
		WebClient\Helper.js = WebClient\Helper.js
		WebClient\index.html = WebClient\index.html
		WebClient\InputManager.js = WebClient\InputManager.js
		WebClient\Main.js = WebClient\Main.js
		WebClient\SegmentManagerWorker.js = WebClient\SegmentManagerWorker.js
		WebClient\SegmentRenderData.js = WebClient\SegmentRenderData.js
		WebClient\SegmentRendererSlaveWorker.js = WebClient\SegmentRendererSlaveWorker.js
		WebClient\SegmentRendererWorker.js = WebClient\SegmentRendererWorker.js
		WebClient\SegmentShaders.js = WebClient\SegmentShaders.js
		WebClient\VertexDataGen.js = WebClient\VertexDataGen.js
	EndProjectSection
EndProject
Project("{FAE04EC0-301F-11D3-BF4B-00C04F79EFBC}") = "WebMapMod", "WebMapMod\WebMapMod.csproj", "{82D81769-FF87-4727-9570-03C233EA59D9}"
EndProject
Global
	GlobalSection(SolutionConfigurationPlatforms) = preSolution
		Debug|Any CPU = Debug|Any CPU
		Release|Any CPU = Release|Any CPU
	EndGlobalSection
	GlobalSection(ProjectConfigurationPlatforms) = postSolution
		{13DF0FD0-A85A-4466-A587-8E4D8BC5236F}.Debug|Any CPU.ActiveCfg = Debug|Any CPU
		{13DF0FD0-A85A-4466-A587-8E4D8BC5236F}.Debug|Any CPU.Build.0 = Debug|Any CPU
		{13DF0FD0-A85A-4466-A587-8E4D8BC5236F}.Release|Any CPU.ActiveCfg = Release|Any CPU
		{13DF0FD0-A85A-4466-A587-8E4D8BC5236F}.Release|Any CPU.Build.0 = Release|Any CPU
		{82D81769-FF87-4727-9570-03C233EA59D9}.Debug|Any CPU.ActiveCfg = Debug|Any CPU
		{82D81769-FF87-4727-9570-03C233EA59D9}.Debug|Any CPU.Build.0 = Debug|Any CPU
		{82D81769-FF87-4727-9570-03C233EA59D9}.Release|Any CPU.ActiveCfg = Release|Any CPU
		{82D81769-FF87-4727-9570-03C233EA59D9}.Release|Any CPU.Build.0 = Release|Any CPU
	EndGlobalSection
	GlobalSection(SolutionProperties) = preSolution
		HideSolutionNode = FALSE
	EndGlobalSection
	GlobalSection(ExtensibilityGlobals) = postSolution
		SolutionGuid = {CA70DA06-C641-4B7C-A353-F66EA7579F1C}
	EndGlobalSection
EndGlobal
