
Microsoft Visual Studio Solution File, Format Version 12.00
# Visual Studio Version 16
VisualStudioVersion = 16.0.28705.295
MinimumVisualStudioVersion = 10.0.40219.1
Project("{FAE04EC0-301F-11D3-BF4B-00C04F79EFBC}") = "WebMapMod", "WebMapMod\WebMapMod.csproj", "{82D81769-FF87-4727-9570-03C233EA59D9}"
EndProject
Project("{2150E333-8FDC-42A3-9474-1A3956D46DE8}") = "WebClient", "WebClient", "{902756D8-7345-4B51-BF9C-E29A2FDE6A14}"
	ProjectSection(SolutionItems) = preProject
		WebClient\package-lock.json = WebClient\package-lock.json
		WebClient\package.json = WebClient\package.json
		WebClient\tsconfig.json = WebClient\tsconfig.json
		WebClient\webpack.config.js = WebClient\webpack.config.js
	EndProjectSection
EndProject
Project("{2150E333-8FDC-42A3-9474-1A3956D46DE8}") = "Public", "Public", "{FA54B345-910C-4CBF-AE63-4A6A503BD00E}"
	ProjectSection(SolutionItems) = preProject
		WebClient\Public\favicon.png = WebClient\Public\favicon.png
		WebClient\Public\fullscreen-icon.png = WebClient\Public\fullscreen-icon.png
		WebClient\Public\Index.html = WebClient\Public\Index.html
	EndProjectSection
EndProject
Project("{2150E333-8FDC-42A3-9474-1A3956D46DE8}") = "Source", "Source", "{DC7BD409-48CE-41C6-AA8A-F76E12564DF4}"
EndProject
Project("{2150E333-8FDC-42A3-9474-1A3956D46DE8}") = "Core", "Core", "{D96008B1-1CA5-47B9-A354-BA4E127F4583}"
	ProjectSection(SolutionItems) = preProject
		WebClient\Source\Core\Constants.ts = WebClient\Source\Core\Constants.ts
		WebClient\Source\Core\Index.ts = WebClient\Source\Core\Index.ts
		WebClient\Source\Core\MainFrame.ts = WebClient\Source\Core\MainFrame.ts
	EndProjectSection
EndProject
Project("{2150E333-8FDC-42A3-9474-1A3956D46DE8}") = "Utility", "Utility", "{1D3063F4-E788-4911-8E21-C4A6A1821175}"
	ProjectSection(SolutionItems) = preProject
		WebClient\Source\Utility\ChannelSocket.ts = WebClient\Source\Utility\ChannelSocket.ts
		WebClient\Source\Utility\Disposable.ts = WebClient\Source\Utility\Disposable.ts
		WebClient\Source\Utility\EventEmitter.ts = WebClient\Source\Utility\EventEmitter.ts
		WebClient\Source\Utility\FrameDispatcher.ts = WebClient\Source\Utility\FrameDispatcher.ts
		WebClient\Source\Utility\Mathx.ts = WebClient\Source\Utility\Mathx.ts
		WebClient\Source\Utility\Shapes.ts = WebClient\Source\Utility\Shapes.ts
		WebClient\Source\Utility\TimingEvent.ts = WebClient\Source\Utility\TimingEvent.ts
	EndProjectSection
EndProject
Project("{2150E333-8FDC-42A3-9474-1A3956D46DE8}") = "Graphics", "Graphics", "{47F6A3EA-BAA5-4E8F-897A-683E9BF1ED1D}"
	ProjectSection(SolutionItems) = preProject
		WebClient\Source\Graphics\GLHelper.ts = WebClient\Source\Graphics\GLHelper.ts
		WebClient\Source\Graphics\GLResource.ts = WebClient\Source\Graphics\GLResource.ts
		WebClient\Source\Graphics\QuadGenerator.ts = WebClient\Source\Graphics\QuadGenerator.ts
		WebClient\Source\Graphics\Texture2D.ts = WebClient\Source\Graphics\Texture2D.ts
	EndProjectSection
EndProject
Project("{2150E333-8FDC-42A3-9474-1A3956D46DE8}") = "Enums", "Enums", "{1BE9AFC1-2C6A-4BBC-9B86-A51A747C9321}"
	ProjectSection(SolutionItems) = preProject
		WebClient\Source\Core\Enums\ClientMessageCode.ts = WebClient\Source\Core\Enums\ClientMessageCode.ts
		WebClient\Source\Core\Enums\ServerMessageCode.ts = WebClient\Source\Core\Enums\ServerMessageCode.ts
	EndProjectSection
EndProject
Project("{2150E333-8FDC-42A3-9474-1A3956D46DE8}") = "World", "World", "{A51252D8-3F12-4489-B854-62611DD933AD}"
	ProjectSection(SolutionItems) = preProject
		WebClient\Source\Core\World\Map.ts = WebClient\Source\Core\World\Map.ts
		WebClient\Source\Core\World\MapSegment.ts = WebClient\Source\Core\World\MapSegment.ts
		WebClient\Source\Core\World\MapSegmentCollection.ts = WebClient\Source\Core\World\MapSegmentCollection.ts
	EndProjectSection
EndProject
Project("{2150E333-8FDC-42A3-9474-1A3956D46DE8}") = "Renderers", "Renderers", "{9DC8B626-FA2A-4CB6-BE48-AA5EE4536471}"
	ProjectSection(SolutionItems) = preProject
		WebClient\Source\Graphics\Renderers\MapSegmentRenderer.ts = WebClient\Source\Graphics\Renderers\MapSegmentRenderer.ts
		WebClient\Source\Graphics\Renderers\RendererBase.ts = WebClient\Source\Graphics\Renderers\RendererBase.ts
	EndProjectSection
EndProject
Project("{2150E333-8FDC-42A3-9474-1A3956D46DE8}") = "Shaders", "Shaders", "{6955D86F-E34A-40B0-BBFE-7A095D453671}"
	ProjectSection(SolutionItems) = preProject
		WebClient\Source\Graphics\Shaders\Shader.ts = WebClient\Source\Graphics\Shaders\Shader.ts
		WebClient\Source\Graphics\Shaders\ShaderDescription.ts = WebClient\Source\Graphics\Shaders\ShaderDescription.ts
		WebClient\Source\Graphics\Shaders\ShaderProgram.ts = WebClient\Source\Graphics\Shaders\ShaderProgram.ts
		WebClient\Source\Graphics\Shaders\ShaderType.ts = WebClient\Source\Graphics\Shaders\ShaderType.ts
	EndProjectSection
EndProject
Project("{FAE04EC0-301F-11D3-BF4B-00C04F79EFBC}") = "WebSocketServer", "WebMapMod\WebSocketServer.csproj", "{13DF0FD0-A85A-4466-A587-8E4D8BC5236F}"
EndProject
Project("{2150E333-8FDC-42A3-9474-1A3956D46DE8}") = "Shaders", "Shaders", "{497FF5B9-8132-4F8B-AEE6-8D3DC576465E}"
EndProject
Project("{2150E333-8FDC-42A3-9474-1A3956D46DE8}") = "Textures", "Textures", "{C4E44E20-E6FF-4F4A-9E1F-0F755ECDC03B}"
	ProjectSection(SolutionItems) = preProject
		WebClient\Public\Textures\TB_diffuse_64.png = WebClient\Public\Textures\TB_diffuse_64.png
	EndProjectSection
EndProject
Project("{2150E333-8FDC-42A3-9474-1A3956D46DE8}") = "Vertex", "Vertex", "{B93A2540-655A-4AF2-8CE0-E43F488CE60B}"
	ProjectSection(SolutionItems) = preProject
		WebClient\Public\Shaders\Vertex\mapsegment-colored.glsl = WebClient\Public\Shaders\Vertex\mapsegment-colored.glsl
		WebClient\Public\Shaders\Vertex\mapsegment-textured.glsl = WebClient\Public\Shaders\Vertex\mapsegment-textured.glsl
	EndProjectSection
EndProject
Project("{2150E333-8FDC-42A3-9474-1A3956D46DE8}") = "Fragment", "Fragment", "{4D43B7F1-1086-4ECB-85DE-878F40BDB04C}"
	ProjectSection(SolutionItems) = preProject
		WebClient\Public\Shaders\Fragment\mapsegment-colored.glsl = WebClient\Public\Shaders\Fragment\mapsegment-colored.glsl
		WebClient\Public\Shaders\Fragment\mapsegment-textured.glsl = WebClient\Public\Shaders\Fragment\mapsegment-textured.glsl
	EndProjectSection
EndProject
Project("{2150E333-8FDC-42A3-9474-1A3956D46DE8}") = "Helper", "Helper", "{8ABD6A22-0950-4D9D-983A-737EFFEB8734}"
	ProjectSection(SolutionItems) = preProject
		WebClient\Source\Utility\Helper\CommonHelper.ts = WebClient\Source\Utility\Helper\CommonHelper.ts
		WebClient\Source\Utility\Helper\WebHelper.ts = WebClient\Source\Utility\Helper\WebHelper.ts
	EndProjectSection
EndProject
Project("{2150E333-8FDC-42A3-9474-1A3956D46DE8}") = "Style", "Style", "{4E623EE2-E826-4563-9D2F-F2B7772E4E7B}"
	ProjectSection(SolutionItems) = preProject
		WebClient\Public\Style\Index.css = WebClient\Public\Style\Index.css
		WebClient\Public\Style\Initial-Loader.css = WebClient\Public\Style\Initial-Loader.css
	EndProjectSection
EndProject
Project("{2150E333-8FDC-42A3-9474-1A3956D46DE8}") = "Content", "Content", "{DD561571-8B92-4F07-B7FE-08DDE3902A92}"
	ProjectSection(SolutionItems) = preProject
		WebClient\Source\Content\AppContent.ts = WebClient\Source\Content\AppContent.ts
		WebClient\Source\Content\ContentFunctions.ts = WebClient\Source\Content\ContentFunctions.ts
		WebClient\Source\Content\ContentInterfaces.ts = WebClient\Source\Content\ContentInterfaces.ts
		WebClient\Source\Content\ContentList.ts = WebClient\Source\Content\ContentList.ts
		WebClient\Source\Content\ContentManager.ts = WebClient\Source\Content\ContentManager.ts
		WebClient\Source\Content\ContentRegistry.ts = WebClient\Source\Content\ContentRegistry.ts
		WebClient\Source\Content\ContentType.ts = WebClient\Source\Content\ContentType.ts
	EndProjectSection
EndProject
Project("{2150E333-8FDC-42A3-9474-1A3956D46DE8}") = "Namespaces", "Namespaces", "{85AF45C6-27FD-469B-8DC1-00E404148F28}"
	ProjectSection(SolutionItems) = preProject
		WebClient\Source\Namespaces\Content.ts = WebClient\Source\Namespaces\Content.ts
		WebClient\Source\Namespaces\Helper.ts = WebClient\Source\Namespaces\Helper.ts
	EndProjectSection
EndProject
Global
	GlobalSection(SolutionConfigurationPlatforms) = preSolution
		Debug_Ubuntu|Any CPU = Debug_Ubuntu|Any CPU
		Debug|Any CPU = Debug|Any CPU
		Release_Ubuntu|Any CPU = Release_Ubuntu|Any CPU
		Release|Any CPU = Release|Any CPU
	EndGlobalSection
	GlobalSection(ProjectConfigurationPlatforms) = postSolution
		{82D81769-FF87-4727-9570-03C233EA59D9}.Debug_Ubuntu|Any CPU.ActiveCfg = Debug|Any CPU
		{82D81769-FF87-4727-9570-03C233EA59D9}.Debug_Ubuntu|Any CPU.Build.0 = Debug|Any CPU
		{82D81769-FF87-4727-9570-03C233EA59D9}.Debug|Any CPU.ActiveCfg = Debug|Any CPU
		{82D81769-FF87-4727-9570-03C233EA59D9}.Debug|Any CPU.Build.0 = Debug|Any CPU
		{82D81769-FF87-4727-9570-03C233EA59D9}.Release_Ubuntu|Any CPU.ActiveCfg = Release|Any CPU
		{82D81769-FF87-4727-9570-03C233EA59D9}.Release_Ubuntu|Any CPU.Build.0 = Release|Any CPU
		{82D81769-FF87-4727-9570-03C233EA59D9}.Release|Any CPU.ActiveCfg = Release|Any CPU
		{82D81769-FF87-4727-9570-03C233EA59D9}.Release|Any CPU.Build.0 = Release|Any CPU
		{13DF0FD0-A85A-4466-A587-8E4D8BC5236F}.Debug_Ubuntu|Any CPU.ActiveCfg = Debug|Any CPU
		{13DF0FD0-A85A-4466-A587-8E4D8BC5236F}.Debug_Ubuntu|Any CPU.Build.0 = Debug|Any CPU
		{13DF0FD0-A85A-4466-A587-8E4D8BC5236F}.Debug|Any CPU.ActiveCfg = Debug|Any CPU
		{13DF0FD0-A85A-4466-A587-8E4D8BC5236F}.Debug|Any CPU.Build.0 = Debug|Any CPU
		{13DF0FD0-A85A-4466-A587-8E4D8BC5236F}.Release_Ubuntu|Any CPU.ActiveCfg = Release|Any CPU
		{13DF0FD0-A85A-4466-A587-8E4D8BC5236F}.Release_Ubuntu|Any CPU.Build.0 = Release|Any CPU
		{13DF0FD0-A85A-4466-A587-8E4D8BC5236F}.Release|Any CPU.ActiveCfg = Release|Any CPU
		{13DF0FD0-A85A-4466-A587-8E4D8BC5236F}.Release|Any CPU.Build.0 = Release|Any CPU
	EndGlobalSection
	GlobalSection(SolutionProperties) = preSolution
		HideSolutionNode = FALSE
	EndGlobalSection
	GlobalSection(NestedProjects) = preSolution
		{FA54B345-910C-4CBF-AE63-4A6A503BD00E} = {902756D8-7345-4B51-BF9C-E29A2FDE6A14}
		{DC7BD409-48CE-41C6-AA8A-F76E12564DF4} = {902756D8-7345-4B51-BF9C-E29A2FDE6A14}
		{D96008B1-1CA5-47B9-A354-BA4E127F4583} = {DC7BD409-48CE-41C6-AA8A-F76E12564DF4}
		{1D3063F4-E788-4911-8E21-C4A6A1821175} = {DC7BD409-48CE-41C6-AA8A-F76E12564DF4}
		{47F6A3EA-BAA5-4E8F-897A-683E9BF1ED1D} = {DC7BD409-48CE-41C6-AA8A-F76E12564DF4}
		{1BE9AFC1-2C6A-4BBC-9B86-A51A747C9321} = {D96008B1-1CA5-47B9-A354-BA4E127F4583}
		{A51252D8-3F12-4489-B854-62611DD933AD} = {D96008B1-1CA5-47B9-A354-BA4E127F4583}
		{9DC8B626-FA2A-4CB6-BE48-AA5EE4536471} = {47F6A3EA-BAA5-4E8F-897A-683E9BF1ED1D}
		{6955D86F-E34A-40B0-BBFE-7A095D453671} = {47F6A3EA-BAA5-4E8F-897A-683E9BF1ED1D}
		{497FF5B9-8132-4F8B-AEE6-8D3DC576465E} = {FA54B345-910C-4CBF-AE63-4A6A503BD00E}
		{C4E44E20-E6FF-4F4A-9E1F-0F755ECDC03B} = {FA54B345-910C-4CBF-AE63-4A6A503BD00E}
		{B93A2540-655A-4AF2-8CE0-E43F488CE60B} = {497FF5B9-8132-4F8B-AEE6-8D3DC576465E}
		{4D43B7F1-1086-4ECB-85DE-878F40BDB04C} = {497FF5B9-8132-4F8B-AEE6-8D3DC576465E}
		{8ABD6A22-0950-4D9D-983A-737EFFEB8734} = {1D3063F4-E788-4911-8E21-C4A6A1821175}
		{4E623EE2-E826-4563-9D2F-F2B7772E4E7B} = {FA54B345-910C-4CBF-AE63-4A6A503BD00E}
		{DD561571-8B92-4F07-B7FE-08DDE3902A92} = {DC7BD409-48CE-41C6-AA8A-F76E12564DF4}
		{85AF45C6-27FD-469B-8DC1-00E404148F28} = {DC7BD409-48CE-41C6-AA8A-F76E12564DF4}
	EndGlobalSection
	GlobalSection(ExtensibilityGlobals) = postSolution
		SolutionGuid = {CA70DA06-C641-4B7C-A353-F66EA7579F1C}
	EndGlobalSection
EndGlobal
